// !$*UTF8*$!
{
	archiveVersion = 1;
	classes = {
	};
	objectVersion = 46;
	objects = {

/* Begin PBXBuildFile section */
		0E4BE1C91C9AD2EC000EE871 /* main.m in Sources */ = {isa = PBXBuildFile; fileRef = 0E4BE1C81C9AD2EC000EE871 /* main.m */; };
		0E4BE1CC1C9AD2EC000EE871 /* AppDelegate.m in Sources */ = {isa = PBXBuildFile; fileRef = 0E4BE1CB1C9AD2EC000EE871 /* AppDelegate.m */; };
		0E4BE1CF1C9AD2EC000EE871 /* ViewController.m in Sources */ = {isa = PBXBuildFile; fileRef = 0E4BE1CE1C9AD2EC000EE871 /* ViewController.m */; };
		0E4BE1D21C9AD2EC000EE871 /* Main.storyboard in Resources */ = {isa = PBXBuildFile; fileRef = 0E4BE1D01C9AD2EC000EE871 /* Main.storyboard */; };
		0E4BE1D41C9AD2EC000EE871 /* Assets.xcassets in Resources */ = {isa = PBXBuildFile; fileRef = 0E4BE1D31C9AD2EC000EE871 /* Assets.xcassets */; };
		0E4BE1D71C9AD2EC000EE871 /* LaunchScreen.storyboard in Resources */ = {isa = PBXBuildFile; fileRef = 0E4BE1D51C9AD2EC000EE871 /* LaunchScreen.storyboard */; };
		0E4BE1E21C9AD2EC000EE871 /* CountdownButtonTests.m in Sources */ = {isa = PBXBuildFile; fileRef = 0E4BE1E11C9AD2EC000EE871 /* CountdownButtonTests.m */; };
		0E4BE1ED1C9AD2EC000EE871 /* CountdownButtonUITests.m in Sources */ = {isa = PBXBuildFile; fileRef = 0E4BE1EC1C9AD2EC000EE871 /* CountdownButtonUITests.m */; };
/* End PBXBuildFile section */

/* Begin PBXContainerItemProxy section */
		0E4BE1DE1C9AD2EC000EE871 /* PBXContainerItemProxy */ = {
			isa = PBXContainerItemProxy;
			containerPortal = 0E4BE1BC1C9AD2EC000EE871 /* Project object */;
			proxyType = 1;
			remoteGlobalIDString = 0E4BE1C31C9AD2EC000EE871;
			remoteInfo = CountdownButton;
		};
		0E4BE1E91C9AD2EC000EE871 /* PBXContainerItemProxy */ = {
			isa = PBXContainerItemProxy;
			containerPortal = 0E4BE1BC1C9AD2EC000EE871 /* Project object */;
			proxyType = 1;
			remoteGlobalIDString = 0E4BE1C31C9AD2EC000EE871;
			remoteInfo = CountdownButton;
		};
/* End PBXContainerItemProxy section */

/* Begin PBXFileReference section */
		0E4BE1C41C9AD2EC000EE871 /* CountdownButton.app */ = {isa = PBXFileReference; explicitFileType = wrapper.application; includeInIndex = 0; path = CountdownButton.app; sourceTree = BUILT_PRODUCTS_DIR; };
		0E4BE1C81C9AD2EC000EE871 /* main.m */ = {isa = PBXFileReference; lastKnownFileType = sourcecode.c.objc; path = main.m; sourceTree = "<group>"; };
		0E4BE1CA1C9AD2EC000EE871 /* AppDelegate.h */ = {isa = PBXFileReference; lastKnownFileType = sourcecode.c.h; path = AppDelegate.h; sourceTree = "<group>"; };
		0E4BE1CB1C9AD2EC000EE871 /* AppDelegate.m */ = {isa = PBXFileReference; lastKnownFileType = sourcecode.c.objc; path = AppDelegate.m; sourceTree = "<group>"; };
		0E4BE1CD1C9AD2EC000EE871 /* ViewController.h */ = {isa = PBXFileReference; lastKnownFileType = sourcecode.c.h; path = ViewController.h; sourceTree = "<group>"; };
		0E4BE1CE1C9AD2EC000EE871 /* ViewController.m */ = {isa = PBXFileReference; lastKnownFileType = sourcecode.c.objc; path = ViewController.m; sourceTree = "<group>"; };
		0E4BE1D11C9AD2EC000EE871 /* Base */ = {isa = PBXFileReference; lastKnownFileType = file.storyboard; name = Base; path = Base.lproj/Main.storyboard; sourceTree = "<group>"; };
		0E4BE1D31C9AD2EC000EE871 /* Assets.xcassets */ = {isa = PBXFileReference; lastKnownFileType = folder.assetcatalog; path = Assets.xcassets; sourceTree = "<group>"; };
		0E4BE1D61C9AD2EC000EE871 /* Base */ = {isa = PBXFileReference; lastKnownFileType = file.storyboard; name = Base; path = Base.lproj/LaunchScreen.storyboard; sourceTree = "<group>"; };
		0E4BE1D81C9AD2EC000EE871 /* Info.plist */ = {isa = PBXFileReference; lastKnownFileType = text.plist.xml; path = Info.plist; sourceTree = "<group>"; };
		0E4BE1DD1C9AD2EC000EE871 /* CountdownButtonTests.xctest */ = {isa = PBXFileReference; explicitFileType = wrapper.cfbundle; includeInIndex = 0; path = CountdownButtonTests.xctest; sourceTree = BUILT_PRODUCTS_DIR; };
		0E4BE1E11C9AD2EC000EE871 /* CountdownButtonTests.m */ = {isa = PBXFileReference; lastKnownFileType = sourcecode.c.objc; path = CountdownButtonTests.m; sourceTree = "<group>"; };
		0E4BE1E31C9AD2EC000EE871 /* Info.plist */ = {isa = PBXFileReference; lastKnownFileType = text.plist.xml; path = Info.plist; sourceTree = "<group>"; };
		0E4BE1E81C9AD2EC000EE871 /* CountdownButtonUITests.xctest */ = {isa = PBXFileReference; explicitFileType = wrapper.cfbundle; includeInIndex = 0; path = CountdownButtonUITests.xctest; sourceTree = BUILT_PRODUCTS_DIR; };
		0E4BE1EC1C9AD2EC000EE871 /* CountdownButtonUITests.m */ = {isa = PBXFileReference; lastKnownFileType = sourcecode.c.objc; path = CountdownButtonUITests.m; sourceTree = "<group>"; };
		0E4BE1EE1C9AD2EC000EE871 /* Info.plist */ = {isa = PBXFileReference; lastKnownFileType = text.plist.xml; path = Info.plist; sourceTree = "<group>"; };
/* End PBXFileReference section */

/* Begin PBXFrameworksBuildPhase section */
		0E4BE1C11C9AD2EC000EE871 /* Frameworks */ = {
			isa = PBXFrameworksBuildPhase;
			buildActionMask = 2147483647;
			files = (
			);
			runOnlyForDeploymentPostprocessing = 0;
		};
		0E4BE1DA1C9AD2EC000EE871 /* Frameworks */ = {
			isa = PBXFrameworksBuildPhase;
			buildActionMask = 2147483647;
			files = (
			);
			runOnlyForDeploymentPostprocessing = 0;
		};
		0E4BE1E51C9AD2EC000EE871 /* Frameworks */ = {
			isa = PBXFrameworksBuildPhase;
			buildActionMask = 2147483647;
			files = (
			);
			runOnlyForDeploymentPostprocessing = 0;
		};
/* End PBXFrameworksBuildPhase section */

/* Begin PBXGroup section */
		0E4BE1BB1C9AD2EC000EE871 = {
			isa = PBXGroup;
			children = (
				0E4BE1C61C9AD2EC000EE871 /* CountdownButton */,
				0E4BE1E01C9AD2EC000EE871 /* CountdownButtonTests */,
				0E4BE1EB1C9AD2EC000EE871 /* CountdownButtonUITests */,
				0E4BE1C51C9AD2EC000EE871 /* Products */,
			);
			sourceTree = "<group>";
		};
		0E4BE1C51C9AD2EC000EE871 /* Products */ = {
			isa = PBXGroup;
			children = (
				0E4BE1C41C9AD2EC000EE871 /* CountdownButton.app */,
				0E4BE1DD1C9AD2EC000EE871 /* CountdownButtonTests.xctest */,
				0E4BE1E81C9AD2EC000EE871 /* CountdownButtonUITests.xctest */,
			);
			name = Products;
			sourceTree = "<group>";
		};
		0E4BE1C61C9AD2EC000EE871 /* CountdownButton */ = {
			isa = PBXGroup;
			children = (
				0E4BE1CA1C9AD2EC000EE871 /* AppDelegate.h */,
				0E4BE1CB1C9AD2EC000EE871 /* AppDelegate.m */,
				0E4BE1CD1C9AD2EC000EE871 /* ViewController.h */,
				0E4BE1CE1C9AD2EC000EE871 /* ViewController.m */,
				0E4BE1D01C9AD2EC000EE871 /* Main.storyboard */,
				0E4BE1D31C9AD2EC000EE871 /* Assets.xcassets */,
				0E4BE1D51C9AD2EC000EE871 /* LaunchScreen.storyboard */,
				0E4BE1D81C9AD2EC000EE871 /* Info.plist */,
				0E4BE1C71C9AD2EC000EE871 /* Supporting Files */,
			);
			path = CountdownButton;
			sourceTree = "<group>";
		};
		0E4BE1C71C9AD2EC000EE871 /* Supporting Files */ = {
			isa = PBXGroup;
			children = (
				0E4BE1C81C9AD2EC000EE871 /* main.m */,
			);
			name = "Supporting Files";
			sourceTree = "<group>";
		};
		0E4BE1E01C9AD2EC000EE871 /* CountdownButtonTests */ = {
			isa = PBXGroup;
			children = (
				0E4BE1E11C9AD2EC000EE871 /* CountdownButtonTests.m */,
				0E4BE1E31C9AD2EC000EE871 /* Info.plist */,
			);
			path = CountdownButtonTests;
			sourceTree = "<group>";
		};
		0E4BE1EB1C9AD2EC000EE871 /* CountdownButtonUITests */ = {
			isa = PBXGroup;
			children = (
				0E4BE1EC1C9AD2EC000EE871 /* CountdownButtonUITests.m */,
				0E4BE1EE1C9AD2EC000EE871 /* Info.plist */,
			);
			path = CountdownButtonUITests;
			sourceTree = "<group>";
		};
/* End PBXGroup section */

/* Begin PBXNativeTarget section */
		0E4BE1C31C9AD2EC000EE871 /* CountdownButton */ = {
			isa = PBXNativeTarget;
			buildConfigurationList = 0E4BE1F11C9AD2EC000EE871 /* Build configuration list for PBXNativeTarget "CountdownButton" */;
			buildPhases = (
				0E4BE1C01C9AD2EC000EE871 /* Sources */,
				0E4BE1C11C9AD2EC000EE871 /* Frameworks */,
				0E4BE1C21C9AD2EC000EE871 /* Resources */,
			);
			buildRules = (
			);
			dependencies = (
			);
			name = CountdownButton;
			productName = CountdownButton;
			productReference = 0E4BE1C41C9AD2EC000EE871 /* CountdownButton.app */;
			productType = "com.apple.product-type.application";
		};
		0E4BE1DC1C9AD2EC000EE871 /* CountdownButtonTests */ = {
			isa = PBXNativeTarget;
			buildConfigurationList = 0E4BE1F41C9AD2EC000EE871 /* Build configuration list for PBXNativeTarget "CountdownButtonTests" */;
			buildPhases = (
				0E4BE1D91C9AD2EC000EE871 /* Sources */,
				0E4BE1DA1C9AD2EC000EE871 /* Frameworks */,
				0E4BE1DB1C9AD2EC000EE871 /* Resources */,
			);
			buildRules = (
			);
			dependencies = (
				0E4BE1DF1C9AD2EC000EE871 /* PBXTargetDependency */,
			);
			name = CountdownButtonTests;
			productName = CountdownButtonTests;
			productReference = 0E4BE1DD1C9AD2EC000EE871 /* CountdownButtonTests.xctest */;
			productType = "com.apple.product-type.bundle.unit-test";
		};
		0E4BE1E71C9AD2EC000EE871 /* CountdownButtonUITests */ = {
			isa = PBXNativeTarget;
			buildConfigurationList = 0E4BE1F71C9AD2EC000EE871 /* Build configuration list for PBXNativeTarget "CountdownButtonUITests" */;
			buildPhases = (
				0E4BE1E41C9AD2EC000EE871 /* Sources */,
				0E4BE1E51C9AD2EC000EE871 /* Frameworks */,
				0E4BE1E61C9AD2EC000EE871 /* Resources */,
			);
			buildRules = (
			);
			dependencies = (
				0E4BE1EA1C9AD2EC000EE871 /* PBXTargetDependency */,
			);
			name = CountdownButtonUITests;
			productName = CountdownButtonUITests;
			productReference = 0E4BE1E81C9AD2EC000EE871 /* CountdownButtonUITests.xctest */;
			productType = "com.apple.product-type.bundle.ui-testing";
		};
/* End PBXNativeTarget section */

/* Begin PBXProject section */
		0E4BE1BC1C9AD2EC000EE871 /* Project object */ = {
			isa = PBXProject;
			attributes = {
				LastUpgradeCheck = 0720;
				ORGANIZATIONNAME = "cmbfae Co.,Ltd.";
				TargetAttributes = {
					0E4BE1C31C9AD2EC000EE871 = {
						CreatedOnToolsVersion = 7.2.1;
					};
					0E4BE1DC1C9AD2EC000EE871 = {
						CreatedOnToolsVersion = 7.2.1;
						TestTargetID = 0E4BE1C31C9AD2EC000EE871;
					};
					0E4BE1E71C9AD2EC000EE871 = {
						CreatedOnToolsVersion = 7.2.1;
						TestTargetID = 0E4BE1C31C9AD2EC000EE871;
					};
				};
			};
			buildConfigurationList = 0E4BE1BF1C9AD2EC000EE871 /* Build configuration list for PBXProject "CountdownButton" */;
			compatibilityVersion = "Xcode 3.2";
			developmentRegion = English;
			hasScannedForEncodings = 0;
			knownRegions = (
				en,
				Base,
			);
			mainGroup = 0E4BE1BB1C9AD2EC000EE871;
			productRefGroup = 0E4BE1C51C9AD2EC000EE871 /* Products */;
			projectDirPath = "";
			projectRoot = "";
			targets = (
				0E4BE1C31C9AD2EC000EE871 /* CountdownButton */,
				0E4BE1DC1C9AD2EC000EE871 /* CountdownButtonTests */,
				0E4BE1E71C9AD2EC000EE871 /* CountdownButtonUITests */,
			);
		};
/* End PBXProject section */

/* Begin PBXResourcesBuildPhase section */
		0E4BE1C21C9AD2EC000EE871 /* Resources */ = {
			isa = PBXResourcesBuildPhase;
			buildActionMask = 2147483647;
			files = (
				0E4BE1D71C9AD2EC000EE871 /* LaunchScreen.storyboard in Resources */,
				0E4BE1D41C9AD2EC000EE871 /* Assets.xcassets in Resources */,
				0E4BE1D21C9AD2EC000EE871 /* Main.storyboard in Resources */,
			);
			runOnlyForDeploymentPostprocessing = 0;
		};
		0E4BE1DB1C9AD2EC000EE871 /* Resources */ = {
			isa = PBXResourcesBuildPhase;
			buildActionMask = 2147483647;
			files = (
			);
			runOnlyForDeploymentPostprocessing = 0;
		};
		0E4BE1E61C9AD2EC000EE871 /* Resources */ = {
			isa = PBXResourcesBuildPhase;
			buildActionMask = 2147483647;
			files = (
			);
			runOnlyForDeploymentPostprocessing = 0;
		};
/* End PBXResourcesBuildPhase section */

/* Begin PBXSourcesBuildPhase section */
		0E4BE1C01C9AD2EC000EE871 /* Sources */ = {
			isa = PBXSourcesBuildPhase;
			buildActionMask = 2147483647;
			files = (
				0E4BE1CF1C9AD2EC000EE871 /* ViewController.m in Sources */,
				0E4BE1CC1C9AD2EC000EE871 /* AppDelegate.m in Sources */,
				0E4BE1C91C9AD2EC000EE871 /* main.m in Sources */,
			);
			runOnlyForDeploymentPostprocessing = 0;
		};
		0E4BE1D91C9AD2EC000EE871 /* Sources */ = {
			isa = PBXSourcesBuildPhase;
			buildActionMask = 2147483647;
			files = (
				0E4BE1E21C9AD2EC000EE871 /* CountdownButtonTests.m in Sources */,
			);
			runOnlyForDeploymentPostprocessing = 0;
		};
		0E4BE1E41C9AD2EC000EE871 /* Sources */ = {
			isa = PBXSourcesBuildPhase;
			buildActionMask = 2147483647;
			files = (
				0E4BE1ED1C9AD2EC000EE871 /* CountdownButtonUITests.m in Sources */,
			);
			runOnlyForDeploymentPostprocessing = 0;
		};
/* End PBXSourcesBuildPhase section */

/* Begin PBXTargetDependency section */
		0E4BE1DF1C9AD2EC000EE871 /* PBXTargetDependency */ = {
			isa = PBXTargetDependency;
			target = 0E4BE1C31C9AD2EC000EE871 /* CountdownButton */;
			targetProxy = 0E4BE1DE1C9AD2EC000EE871 /* PBXContainerItemProxy */;
		};
		0E4BE1EA1C9AD2EC000EE871 /* PBXTargetDependency */ = {
			isa = PBXTargetDependency;
			target = 0E4BE1C31C9AD2EC000EE871 /* CountdownButton */;
			targetProxy = 0E4BE1E91C9AD2EC000EE871 /* PBXContainerItemProxy */;
		};
/* End PBXTargetDependency section */

/* Begin PBXVariantGroup section */
		0E4BE1D01C9AD2EC000EE871 /* Main.storyboard */ = {
			isa = PBXVariantGroup;
			children = (
				0E4BE1D11C9AD2EC000EE871 /* Base */,
			);
			name = Main.storyboard;
			sourceTree = "<group>";
		};
		0E4BE1D51C9AD2EC000EE871 /* LaunchScreen.storyboard */ = {
			isa = PBXVariantGroup;
			children = (
				0E4BE1D61C9AD2EC000EE871 /* Base */,
			);
			name = LaunchScreen.storyboard;
			sourceTree = "<group>";
		};
/* End PBXVariantGroup section */

/* Begin XCBuildConfiguration section */
		0E4BE1EF1C9AD2EC000EE871 /* Debug */ = {
			isa = XCBuildConfiguration;
			buildSettings = {
				ALWAYS_SEARCH_USER_PATHS = NO;
				CLANG_CXX_LANGUAGE_STANDARD = "gnu++0x";
				CLANG_CXX_LIBRARY = "libc++";
				CLANG_ENABLE_MODULES = YES;
				CLANG_ENABLE_OBJC_ARC = YES;
				CLANG_WARN_BOOL_CONVERSION = YES;
				CLANG_WARN_CONSTANT_CONVERSION = YES;
				CLANG_WARN_DIRECT_OBJC_ISA_USAGE = YES_ERROR;
				CLANG_WARN_EMPTY_BODY = YES;
				CLANG_WARN_ENUM_CONVERSION = YES;
				CLANG_WARN_INT_CONVERSION = YES;
				CLANG_WARN_OBJC_ROOT_CLASS = YES_ERROR;
				CLANG_WARN_UNREACHABLE_CODE = YES;
				CLANG_WARN__DUPLICATE_METHOD_MATCH = YES;
				"CODE_SIGN_IDENTITY[sdk=iphoneos*]" = "iPhone Developer";
				COPY_PHASE_STRIP = NO;
				DEBUG_INFORMATION_FORMAT = dwarf;
				ENABLE_STRICT_OBJC_MSGSEND = YES;
				ENABLE_TESTABILITY = YES;
				GCC_C_LANGUAGE_STANDARD = gnu99;
				GCC_DYNAMIC_NO_PIC = NO;
				GCC_NO_COMMON_BLOCKS = YES;
				GCC_OPTIMIZATION_LEVEL = 0;
				GCC_PREPROCESSOR_DEFINITIONS = (
					"DEBUG=1",
					"$(inherited)",
				);
				GCC_WARN_64_TO_32_BIT_CONVERSION = YES;
				GCC_WARN_ABOUT_RETURN_TYPE = YES_ERROR;
				GCC_WARN_UNDECLARED_SELECTOR = YES;
				GCC_WARN_UNINITIALIZED_AUTOS = YES_AGGRESSIVE;
				GCC_WARN_UNUSED_FUNCTION = YES;
				GCC_WARN_UNUSED_VARIABLE = YES;
				IPHONEOS_DEPLOYMENT_TARGET = 9.2;
				MTL_ENABLE_DEBUG_INFO = YES;
				ONLY_ACTIVE_ARCH = YES;
				SDKROOT = iphoneos;
				TARGETED_DEVICE_FAMILY = "1,2";
			};
			name = Debug;
		};
		0E4BE1F01C9AD2EC000EE871 /* Release */ = {
			isa = XCBuildConfiguration;
			buildSettings = {
				ALWAYS_SEARCH_USER_PATHS = NO;
				CLANG_CXX_LANGUAGE_STANDARD = "gnu++0x";
				CLANG_CXX_LIBRARY = "libc++";
				CLANG_ENABLE_MODULES = YES;
				CLANG_ENABLE_OBJC_ARC = YES;
				CLANG_WARN_BOOL_CONVERSION = YES;
				CLANG_WARN_CONSTANT_CONVERSION = YES;
				CLANG_WARN_DIRECT_OBJC_ISA_USAGE = YES_ERROR;
				CLANG_WARN_EMPTY_BODY = YES;
				CLANG_WARN_ENUM_CONVERSION = YES;
				CLANG_WARN_INT_CONVERSION = YES;
				CLANG_WARN_OBJC_ROOT_CLASS = YES_ERROR;
				CLANG_WARN_UNREACHABLE_CODE = YES;
				CLANG_WARN__DUPLICATE_METHOD_MATCH = YES;
				"CODE_SIGN_IDENTITY[sdk=iphoneos*]" = "iPhone Developer";
				COPY_PHASE_STRIP = NO;
				DEBUG_INFORMATION_FORMAT = "dwarf-with-dsym";
				ENABLE_NS_ASSERTIONS = NO;
				ENABLE_STRICT_OBJC_MSGSEND = YES;
				GCC_C_LANGUAGE_STANDARD = gnu99;
				GCC_NO_COMMON_BLOCKS = YES;
				GCC_WARN_64_TO_32_BIT_CONVERSION = YES;
				GCC_WARN_ABOUT_RETURN_TYPE = YES_ERROR;
				GCC_WARN_UNDECLARED_SELECTOR = YES;
				GCC_WARN_UNINITIALIZED_AUTOS = YES_AGGRESSIVE;
				GCC_WARN_UNUSED_FUNCTION = YES;
				GCC_WARN_UNUSED_VARIABLE = YES;
				IPHONEOS_DEPLOYMENT_TARGET = 9.2;
				MTL_ENABLE_DEBUG_INFO = NO;
				SDKROOT = iphoneos;
				TARGETED_DEVICE_FAMILY = "1,2";
				VALIDATE_PRODUCT = YES;
			};
			name = Release;
		};
		0E4BE1F21C9AD2EC000EE871 /* Debug */ = {
			isa = XCBuildConfiguration;
			buildSettings = {
				ASSETCATALOG_COMPILER_APPICON_NAME = AppIcon;
				INFOPLIST_FILE = CountdownButton/Info.plist;
				LD_RUNPATH_SEARCH_PATHS = "$(inherited) @executable_path/Frameworks";
				PRODUCT_BUNDLE_IDENTIFIER = YQ.CountdownButton;
				PRODUCT_NAME = "$(TARGET_NAME)";
			};
			name = Debug;
		};
		0E4BE1F31C9AD2EC000EE871 /* Release */ = {
			isa = XCBuildConfiguration;
			buildSettings = {
				ASSETCATALOG_COMPILER_APPICON_NAME = AppIcon;
				INFOPLIST_FILE = CountdownButton/Info.plist;
				LD_RUNPATH_SEARCH_PATHS = "$(inherited) @executable_path/Frameworks";
				PRODUCT_BUNDLE_IDENTIFIER = YQ.CountdownButton;
				PRODUCT_NAME = "$(TARGET_NAME)";
			};
			name = Release;
		};
		0E4BE1F51C9AD2EC000EE871 /* Debug */ = {
			isa = XCBuildConfiguration;
			buildSettings = {
				BUNDLE_LOADER = "$(TEST_HOST)";
				INFOPLIST_FILE = CountdownButtonTests/Info.plist;
				LD_RUNPATH_SEARCH_PATHS = "$(inherited) @executable_path/Frameworks @loader_path/Frameworks";
				PRODUCT_BUNDLE_IDENTIFIER = YQ.CountdownButtonTests;
				PRODUCT_NAME = "$(TARGET_NAME)";
				TEST_HOST = "$(BUILT_PRODUCTS_DIR)/CountdownButton.app/CountdownButton";
			};
			name = Debug;
		};
		0E4BE1F61C9AD2EC000EE871 /* Release */ = {
			isa = XCBuildConfiguration;
			buildSettings = {
				BUNDLE_LOADER = "$(TEST_HOST)";
				INFOPLIST_FILE = CountdownButtonTests/Info.plist;
				LD_RUNPATH_SEARCH_PATHS = "$(inherited) @executable_path/Frameworks @loader_path/Frameworks";
				PRODUCT_BUNDLE_IDENTIFIER = YQ.CountdownButtonTests;
				PRODUCT_NAME = "$(TARGET_NAME)";
				TEST_HOST = "$(BUILT_PRODUCTS_DIR)/CountdownButton.app/CountdownButton";
			};
			name = Release;
		};
		0E4BE1F81C9AD2EC000EE871 /* Debug */ = {
			isa = XCBuildConfiguration;
			buildSettings = {
				INFOPLIST_FILE = CountdownButtonUITests/Info.plist;
				LD_RUNPATH_SEARCH_PATHS = "$(inherited) @executable_path/Frameworks @loader_path/Frameworks";
				PRODUCT_BUNDLE_IDENTIFIER = YQ.CountdownButtonUITests;
				PRODUCT_NAME = "$(TARGET_NAME)";
				TEST_TARGET_NAME = CountdownButton;
				USES_XCTRUNNER = YES;
			};
			name = Debug;
		};
		0E4BE1F91C9AD2EC000EE871 /* Release */ = {
			isa = XCBuildConfiguration;
			buildSettings = {
				INFOPLIST_FILE = CountdownButtonUITests/Info.plist;
				LD_RUNPATH_SEARCH_PATHS = "$(inherited) @executable_path/Frameworks @loader_path/Frameworks";
				PRODUCT_BUNDLE_IDENTIFIER = YQ.CountdownButtonUITests;
				PRODUCT_NAME = "$(TARGET_NAME)";
				TEST_TARGET_NAME = CountdownButton;
				USES_XCTRUNNER = YES;
			};
			name = Release;
		};
/* End XCBuildConfiguration section */

/* Begin XCConfigurationList section */
		0E4BE1BF1C9AD2EC000EE871 /* Build configuration list for PBXProject "CountdownButton" */ = {
			isa = XCConfigurationList;
			buildConfigurations = (
				0E4BE1EF1C9AD2EC000EE871 /* Debug */,
				0E4BE1F01C9AD2EC000EE871 /* Release */,
			);
			defaultConfigurationIsVisible = 0;
			defaultConfigurationName = Release;
		};
		0E4BE1F11C9AD2EC000EE871 /* Build configuration list for PBXNativeTarget "CountdownButton" */ = {
			isa = XCConfigurationList;
			buildConfigurations = (
				0E4BE1F21C9AD2EC000EE871 /* Debug */,
				0E4BE1F31C9AD2EC000EE871 /* Release */,
			);
			defaultConfigurationIsVisible = 0;
		};
		0E4BE1F41C9AD2EC000EE871 /* Build configuration list for PBXNativeTarget "CountdownButtonTests" */ = {
			isa = XCConfigurationList;
			buildConfigurations = (
				0E4BE1F51C9AD2EC000EE871 /* Debug */,
				0E4BE1F61C9AD2EC000EE871 /* Release */,
			);
			defaultConfigurationIsVisible = 0;
		};
		0E4BE1F71C9AD2EC000EE871 /* Build configuration list for PBXNativeTarget "CountdownButtonUITests" */ = {
			isa = XCConfigurationList;
			buildConfigurations = (
				0E4BE1F81C9AD2EC000EE871 /* Debug */,
				0E4BE1F91C9AD2EC000EE871 /* Release */,
			);
			defaultConfigurationIsVisible = 0;
		};
/* End XCConfigurationList section */
	};
	rootObject = 0E4BE1BC1C9AD2EC000EE871 /* Project object */;
}
